
Microsoft Visual Studio Solution File, Format Version 12.00
# Visual Studio Version 17
VisualStudioVersion = 17.12.35527.113
MinimumVisualStudioVersion = 10.0.40219.1
Project("{FAE04EC0-301F-11D3-BF4B-00C04F79EFBC}") = "EF-Core", "EF-Core\EF-Core.csproj", "{788B73C3-3AEB-40CB-8132-80AC9A31A91F}"
EndProject
Project("{FAE04EC0-301F-11D3-BF4B-00C04F79EFBC}") = "EF-Core 02", "EF-Core 02\EF-Core 02.csproj", "{4D03A425-88AD-46B2-A7F8-1DCDDFC93B36}"
EndProject
Project("{FAE04EC0-301F-11D3-BF4B-00C04F79EFBC}") = "EF-Core Assigment01", "EF-Core Assigment01\EF-Core Assigment01.csproj", "{A8DD8C84-744A-493E-8268-FDA99DD3EE8A}"
EndProject
Project("{FAE04EC0-301F-11D3-BF4B-00C04F79EFBC}") = "EF-Core 03", "EF-Core 03\EF-Core 03.csproj", "{5600A305-9A05-4CBB-AE1F-0C78CB6CD065}"
EndProject
Project("{FAE04EC0-301F-11D3-BF4B-00C04F79EFBC}") = "Revision03", "Revision03\Revision03.csproj", "{13213630-1473-4FBE-B75C-CCC467787A0B}"
EndProject
Project("{FAE04EC0-301F-11D3-BF4B-00C04F79EFBC}") = "DB_First", "DB_First\DB_First.csproj", "{99D4F002-5341-4F00-A1DB-C44669D99FC2}"
EndProject
Global
	GlobalSection(SolutionConfigurationPlatforms) = preSolution
		Debug|Any CPU = Debug|Any CPU
		Release|Any CPU = Release|Any CPU
	EndGlobalSection
	GlobalSection(ProjectConfigurationPlatforms) = postSolution
		{788B73C3-3AEB-40CB-8132-80AC9A31A91F}.Debug|Any CPU.ActiveCfg = Debug|Any CPU
		{788B73C3-3AEB-40CB-8132-80AC9A31A91F}.Debug|Any CPU.Build.0 = Debug|Any CPU
		{788B73C3-3AEB-40CB-8132-80AC9A31A91F}.Release|Any CPU.ActiveCfg = Release|Any CPU
		{788B73C3-3AEB-40CB-8132-80AC9A31A91F}.Release|Any CPU.Build.0 = Release|Any CPU
		{4D03A425-88AD-46B2-A7F8-1DCDDFC93B36}.Debug|Any CPU.ActiveCfg = Debug|Any CPU
		{4D03A425-88AD-46B2-A7F8-1DCDDFC93B36}.Debug|Any CPU.Build.0 = Debug|Any CPU
		{4D03A425-88AD-46B2-A7F8-1DCDDFC93B36}.Release|Any CPU.ActiveCfg = Release|Any CPU
		{4D03A425-88AD-46B2-A7F8-1DCDDFC93B36}.Release|Any CPU.Build.0 = Release|Any CPU
		{A8DD8C84-744A-493E-8268-FDA99DD3EE8A}.Debug|Any CPU.ActiveCfg = Debug|Any CPU
		{A8DD8C84-744A-493E-8268-FDA99DD3EE8A}.Debug|Any CPU.Build.0 = Debug|Any CPU
		{A8DD8C84-744A-493E-8268-FDA99DD3EE8A}.Release|Any CPU.ActiveCfg = Release|Any CPU
		{A8DD8C84-744A-493E-8268-FDA99DD3EE8A}.Release|Any CPU.Build.0 = Release|Any CPU
		{5600A305-9A05-4CBB-AE1F-0C78CB6CD065}.Debug|Any CPU.ActiveCfg = Debug|Any CPU
		{5600A305-9A05-4CBB-AE1F-0C78CB6CD065}.Debug|Any CPU.Build.0 = Debug|Any CPU
		{5600A305-9A05-4CBB-AE1F-0C78CB6CD065}.Release|Any CPU.ActiveCfg = Release|Any CPU
		{5600A305-9A05-4CBB-AE1F-0C78CB6CD065}.Release|Any CPU.Build.0 = Release|Any CPU
		{13213630-1473-4FBE-B75C-CCC467787A0B}.Debug|Any CPU.ActiveCfg = Debug|Any CPU
		{13213630-1473-4FBE-B75C-CCC467787A0B}.Debug|Any CPU.Build.0 = Debug|Any CPU
		{13213630-1473-4FBE-B75C-CCC467787A0B}.Release|Any CPU.ActiveCfg = Release|Any CPU
		{13213630-1473-4FBE-B75C-CCC467787A0B}.Release|Any CPU.Build.0 = Release|Any CPU
		{99D4F002-5341-4F00-A1DB-C44669D99FC2}.Debug|Any CPU.ActiveCfg = Debug|Any CPU
		{99D4F002-5341-4F00-A1DB-C44669D99FC2}.Debug|Any CPU.Build.0 = Debug|Any CPU
		{99D4F002-5341-4F00-A1DB-C44669D99FC2}.Release|Any CPU.ActiveCfg = Release|Any CPU
		{99D4F002-5341-4F00-A1DB-C44669D99FC2}.Release|Any CPU.Build.0 = Release|Any CPU
	EndGlobalSection
	GlobalSection(SolutionProperties) = preSolution
		HideSolutionNode = FALSE
	EndGlobalSection
EndGlobal
